
Microsoft Visual Studio Solution File, Format Version 12.00
# Visual Studio 15
VisualStudioVersion = 15.0.27130.2003
MinimumVisualStudioVersion = 10.0.40219.1
Project("{FAE04EC0-301F-11D3-BF4B-00C04F79EFBC}") = "PdfGenerator", "PdfGenerator\PdfGenerator.csproj", "{21ADEC1E-62AB-4E37-9AD7-C907A08F075C}"
EndProject
Global
	GlobalSection(SolutionConfigurationPlatforms) = preSolution
		Debug|Any CPU = Debug|Any CPU
		Release|Any CPU = Release|Any CPU
	EndGlobalSection
	GlobalSection(ProjectConfigurationPlatforms) = postSolution
		{21ADEC1E-62AB-4E37-9AD7-C907A08F075C}.Debug|Any CPU.ActiveCfg = Debug|Any CPU
		{21ADEC1E-62AB-4E37-9AD7-C907A08F075C}.Debug|Any CPU.Build.0 = Debug|Any CPU
		{21ADEC1E-62AB-4E37-9AD7-C907A08F075C}.Release|Any CPU.ActiveCfg = Release|Any CPU
		{21ADEC1E-62AB-4E37-9AD7-C907A08F075C}.Release|Any CPU.Build.0 = Release|Any CPU
	EndGlobalSection
	GlobalSection(SolutionProperties) = preSolution
		HideSolutionNode = FALSE
	EndGlobalSection
	GlobalSection(ExtensibilityGlobals) = postSolution
		SolutionGuid = {997FA982-B5B9-4279-80A9-3D2EE04D5C64}
	EndGlobalSection
EndGlobal
